
Microsoft Visual Studio Solution File, Format Version 12.00
# Visual Studio Version 16
VisualStudioVersion = 16.0.30225.117
MinimumVisualStudioVersion = 10.0.40219.1
Project("{FAE04EC0-301F-11D3-BF4B-00C04F79EFBC}") = "MaximalRectangle", "MaximalRectangle\MaximalRectangle.csproj", "{20F08492-8A0B-4F40-AECE-E9C5254D3E18}"
EndProject
Global
	GlobalSection(SolutionConfigurationPlatforms) = preSolution
		Debug|Any CPU = Debug|Any CPU
		Release|Any CPU = Release|Any CPU
	EndGlobalSection
	GlobalSection(ProjectConfigurationPlatforms) = postSolution
		{20F08492-8A0B-4F40-AECE-E9C5254D3E18}.Debug|Any CPU.ActiveCfg = Debug|Any CPU
		{20F08492-8A0B-4F40-AECE-E9C5254D3E18}.Debug|Any CPU.Build.0 = Debug|Any CPU
		{20F08492-8A0B-4F40-AECE-E9C5254D3E18}.Release|Any CPU.ActiveCfg = Release|Any CPU
		{20F08492-8A0B-4F40-AECE-E9C5254D3E18}.Release|Any CPU.Build.0 = Release|Any CPU
	EndGlobalSection
	GlobalSection(SolutionProperties) = preSolution
		HideSolutionNode = FALSE
	EndGlobalSection
	GlobalSection(ExtensibilityGlobals) = postSolution
		SolutionGuid = {E226FBEE-9788-420E-B50F-2C986F035852}
	EndGlobalSection
EndGlobal
