
Microsoft Visual Studio Solution File, Format Version 12.00
# Visual Studio Version 16
VisualStudioVersion = 16.0.30413.136
MinimumVisualStudioVersion = 10.0.40219.1
Project("{FAE04EC0-301F-11D3-BF4B-00C04F79EFBC}") = "HouseRobberII", "HouseRobberII\HouseRobberII.csproj", "{B247319B-539D-4B75-9C0B-F1C64832B128}"
EndProject
Global
	GlobalSection(SolutionConfigurationPlatforms) = preSolution
		Debug|Any CPU = Debug|Any CPU
		Release|Any CPU = Release|Any CPU
	EndGlobalSection
	GlobalSection(ProjectConfigurationPlatforms) = postSolution
		{B247319B-539D-4B75-9C0B-F1C64832B128}.Debug|Any CPU.ActiveCfg = Debug|Any CPU
		{B247319B-539D-4B75-9C0B-F1C64832B128}.Debug|Any CPU.Build.0 = Debug|Any CPU
		{B247319B-539D-4B75-9C0B-F1C64832B128}.Release|Any CPU.ActiveCfg = Release|Any CPU
		{B247319B-539D-4B75-9C0B-F1C64832B128}.Release|Any CPU.Build.0 = Release|Any CPU
	EndGlobalSection
	GlobalSection(SolutionProperties) = preSolution
		HideSolutionNode = FALSE
	EndGlobalSection
	GlobalSection(ExtensibilityGlobals) = postSolution
		SolutionGuid = {B824AA2C-3987-4E47-8502-476A3EA7E669}
	EndGlobalSection
EndGlobal
