
Microsoft Visual Studio Solution File, Format Version 12.00
# Visual Studio Version 16
VisualStudioVersion = 16.0.30002.166
MinimumVisualStudioVersion = 10.0.40219.1
Project("{FAE04EC0-301F-11D3-BF4B-00C04F79EFBC}") = "3SumClosest", "3SumClosest\3SumClosest.csproj", "{6CC3809A-C6C0-42CE-B678-5F01DB35570B}"
EndProject
Global
	GlobalSection(SolutionConfigurationPlatforms) = preSolution
		Debug|Any CPU = Debug|Any CPU
		Release|Any CPU = Release|Any CPU
	EndGlobalSection
	GlobalSection(ProjectConfigurationPlatforms) = postSolution
		{6CC3809A-C6C0-42CE-B678-5F01DB35570B}.Debug|Any CPU.ActiveCfg = Debug|Any CPU
		{6CC3809A-C6C0-42CE-B678-5F01DB35570B}.Debug|Any CPU.Build.0 = Debug|Any CPU
		{6CC3809A-C6C0-42CE-B678-5F01DB35570B}.Release|Any CPU.ActiveCfg = Release|Any CPU
		{6CC3809A-C6C0-42CE-B678-5F01DB35570B}.Release|Any CPU.Build.0 = Release|Any CPU
	EndGlobalSection
	GlobalSection(SolutionProperties) = preSolution
		HideSolutionNode = FALSE
	EndGlobalSection
	GlobalSection(ExtensibilityGlobals) = postSolution
		SolutionGuid = {2CE2DC32-598F-4A97-BE78-8E1F294AAEB6}
	EndGlobalSection
EndGlobal
