
Microsoft Visual Studio Solution File, Format Version 12.00
# Visual Studio Version 16
VisualStudioVersion = 16.0.30320.27
MinimumVisualStudioVersion = 10.0.40219.1
Project("{FAE04EC0-301F-11D3-BF4B-00C04F79EFBC}") = "LongestCommonSubsequence", "LongestCommonSubsequence\LongestCommonSubsequence.csproj", "{59C9C79B-DF7B-48B6-80FC-599A5E54A39D}"
EndProject
Global
	GlobalSection(SolutionConfigurationPlatforms) = preSolution
		Debug|Any CPU = Debug|Any CPU
		Release|Any CPU = Release|Any CPU
	EndGlobalSection
	GlobalSection(ProjectConfigurationPlatforms) = postSolution
		{59C9C79B-DF7B-48B6-80FC-599A5E54A39D}.Debug|Any CPU.ActiveCfg = Debug|Any CPU
		{59C9C79B-DF7B-48B6-80FC-599A5E54A39D}.Debug|Any CPU.Build.0 = Debug|Any CPU
		{59C9C79B-DF7B-48B6-80FC-599A5E54A39D}.Release|Any CPU.ActiveCfg = Release|Any CPU
		{59C9C79B-DF7B-48B6-80FC-599A5E54A39D}.Release|Any CPU.Build.0 = Release|Any CPU
	EndGlobalSection
	GlobalSection(SolutionProperties) = preSolution
		HideSolutionNode = FALSE
	EndGlobalSection
	GlobalSection(ExtensibilityGlobals) = postSolution
		SolutionGuid = {F29E2F98-D66A-420E-9AB9-2F06A3F465C5}
	EndGlobalSection
EndGlobal
