
Microsoft Visual Studio Solution File, Format Version 12.00
# Visual Studio Version 16
VisualStudioVersion = 16.0.30011.22
MinimumVisualStudioVersion = 10.0.40219.1
Project("{FAE04EC0-301F-11D3-BF4B-00C04F79EFBC}") = "PowXN", "PowXN\PowXN.csproj", "{AC3B6693-A3E2-4FC2-A134-20134E078C9D}"
EndProject
Global
	GlobalSection(SolutionConfigurationPlatforms) = preSolution
		Debug|Any CPU = Debug|Any CPU
		Release|Any CPU = Release|Any CPU
	EndGlobalSection
	GlobalSection(ProjectConfigurationPlatforms) = postSolution
		{AC3B6693-A3E2-4FC2-A134-20134E078C9D}.Debug|Any CPU.ActiveCfg = Debug|Any CPU
		{AC3B6693-A3E2-4FC2-A134-20134E078C9D}.Debug|Any CPU.Build.0 = Debug|Any CPU
		{AC3B6693-A3E2-4FC2-A134-20134E078C9D}.Release|Any CPU.ActiveCfg = Release|Any CPU
		{AC3B6693-A3E2-4FC2-A134-20134E078C9D}.Release|Any CPU.Build.0 = Release|Any CPU
	EndGlobalSection
	GlobalSection(SolutionProperties) = preSolution
		HideSolutionNode = FALSE
	EndGlobalSection
	GlobalSection(ExtensibilityGlobals) = postSolution
		SolutionGuid = {C1C38DD5-CDD0-44FD-A8B2-350A16481E34}
	EndGlobalSection
EndGlobal
