
Microsoft Visual Studio Solution File, Format Version 12.00
# Visual Studio Version 16
VisualStudioVersion = 16.0.30114.105
MinimumVisualStudioVersion = 10.0.40219.1
Project("{FAE04EC0-301F-11D3-BF4B-00C04F79EFBC}") = "EditDistance", "EditDistance\EditDistance.csproj", "{A790746E-E20F-4634-BBD0-5ABAC8FA29C3}"
EndProject
Global
	GlobalSection(SolutionConfigurationPlatforms) = preSolution
		Debug|Any CPU = Debug|Any CPU
		Release|Any CPU = Release|Any CPU
	EndGlobalSection
	GlobalSection(ProjectConfigurationPlatforms) = postSolution
		{A790746E-E20F-4634-BBD0-5ABAC8FA29C3}.Debug|Any CPU.ActiveCfg = Debug|Any CPU
		{A790746E-E20F-4634-BBD0-5ABAC8FA29C3}.Debug|Any CPU.Build.0 = Debug|Any CPU
		{A790746E-E20F-4634-BBD0-5ABAC8FA29C3}.Release|Any CPU.ActiveCfg = Release|Any CPU
		{A790746E-E20F-4634-BBD0-5ABAC8FA29C3}.Release|Any CPU.Build.0 = Release|Any CPU
	EndGlobalSection
	GlobalSection(SolutionProperties) = preSolution
		HideSolutionNode = FALSE
	EndGlobalSection
	GlobalSection(ExtensibilityGlobals) = postSolution
		SolutionGuid = {54A90F6B-91B5-4190-8991-E44DD0777B58}
	EndGlobalSection
EndGlobal
