
Microsoft Visual Studio Solution File, Format Version 12.00
# Visual Studio Version 16
VisualStudioVersion = 16.0.30002.166
MinimumVisualStudioVersion = 10.0.40219.1
Project("{FAE04EC0-301F-11D3-BF4B-00C04F79EFBC}") = "4Sum", "4Sum\4Sum.csproj", "{28C8E948-4D86-4CCD-9BE8-03D69577A17D}"
EndProject
Global
	GlobalSection(SolutionConfigurationPlatforms) = preSolution
		Debug|Any CPU = Debug|Any CPU
		Release|Any CPU = Release|Any CPU
	EndGlobalSection
	GlobalSection(ProjectConfigurationPlatforms) = postSolution
		{28C8E948-4D86-4CCD-9BE8-03D69577A17D}.Debug|Any CPU.ActiveCfg = Debug|Any CPU
		{28C8E948-4D86-4CCD-9BE8-03D69577A17D}.Debug|Any CPU.Build.0 = Debug|Any CPU
		{28C8E948-4D86-4CCD-9BE8-03D69577A17D}.Release|Any CPU.ActiveCfg = Release|Any CPU
		{28C8E948-4D86-4CCD-9BE8-03D69577A17D}.Release|Any CPU.Build.0 = Release|Any CPU
	EndGlobalSection
	GlobalSection(SolutionProperties) = preSolution
		HideSolutionNode = FALSE
	EndGlobalSection
	GlobalSection(ExtensibilityGlobals) = postSolution
		SolutionGuid = {99497436-DCBB-410B-961E-716E062F30B8}
	EndGlobalSection
EndGlobal
