
Microsoft Visual Studio Solution File, Format Version 12.00
# Visual Studio Version 16
VisualStudioVersion = 16.0.30309.148
MinimumVisualStudioVersion = 10.0.40219.1
Project("{FAE04EC0-301F-11D3-BF4B-00C04F79EFBC}") = "CanMakeArithmeticProgression", "CanMakeArithmeticProgression\CanMakeArithmeticProgression.csproj", "{B68E53BF-F7F3-4A7A-BBB7-32257A58D68E}"
EndProject
Global
	GlobalSection(SolutionConfigurationPlatforms) = preSolution
		Debug|Any CPU = Debug|Any CPU
		Release|Any CPU = Release|Any CPU
	EndGlobalSection
	GlobalSection(ProjectConfigurationPlatforms) = postSolution
		{B68E53BF-F7F3-4A7A-BBB7-32257A58D68E}.Debug|Any CPU.ActiveCfg = Debug|Any CPU
		{B68E53BF-F7F3-4A7A-BBB7-32257A58D68E}.Debug|Any CPU.Build.0 = Debug|Any CPU
		{B68E53BF-F7F3-4A7A-BBB7-32257A58D68E}.Release|Any CPU.ActiveCfg = Release|Any CPU
		{B68E53BF-F7F3-4A7A-BBB7-32257A58D68E}.Release|Any CPU.Build.0 = Release|Any CPU
	EndGlobalSection
	GlobalSection(SolutionProperties) = preSolution
		HideSolutionNode = FALSE
	EndGlobalSection
	GlobalSection(ExtensibilityGlobals) = postSolution
		SolutionGuid = {A00A3FC6-764F-4045-BC10-6A8794A9244D}
	EndGlobalSection
EndGlobal
