
Microsoft Visual Studio Solution File, Format Version 12.00
# Visual Studio Version 16
VisualStudioVersion = 16.0.30128.74
MinimumVisualStudioVersion = 10.0.40219.1
Project("{FAE04EC0-301F-11D3-BF4B-00C04F79EFBC}") = "Combinations", "Combinations\Combinations.csproj", "{25F6DF81-6AD6-4BDD-8816-452E01AC90C5}"
EndProject
Global
	GlobalSection(SolutionConfigurationPlatforms) = preSolution
		Debug|Any CPU = Debug|Any CPU
		Release|Any CPU = Release|Any CPU
	EndGlobalSection
	GlobalSection(ProjectConfigurationPlatforms) = postSolution
		{25F6DF81-6AD6-4BDD-8816-452E01AC90C5}.Debug|Any CPU.ActiveCfg = Debug|Any CPU
		{25F6DF81-6AD6-4BDD-8816-452E01AC90C5}.Debug|Any CPU.Build.0 = Debug|Any CPU
		{25F6DF81-6AD6-4BDD-8816-452E01AC90C5}.Release|Any CPU.ActiveCfg = Release|Any CPU
		{25F6DF81-6AD6-4BDD-8816-452E01AC90C5}.Release|Any CPU.Build.0 = Release|Any CPU
	EndGlobalSection
	GlobalSection(SolutionProperties) = preSolution
		HideSolutionNode = FALSE
	EndGlobalSection
	GlobalSection(ExtensibilityGlobals) = postSolution
		SolutionGuid = {5C303710-6C28-41C1-AC64-9A19ED0D85E2}
	EndGlobalSection
EndGlobal
