
Microsoft Visual Studio Solution File, Format Version 12.00
# Visual Studio Version 16
VisualStudioVersion = 16.0.30225.117
MinimumVisualStudioVersion = 10.0.40219.1
Project("{FAE04EC0-301F-11D3-BF4B-00C04F79EFBC}") = "RemoveDuplicatesFromSortedListII", "RemoveDuplicatesFromSortedListII\RemoveDuplicatesFromSortedListII.csproj", "{BE193736-78D6-4D25-AA8A-6520C8C172DB}"
EndProject
Global
	GlobalSection(SolutionConfigurationPlatforms) = preSolution
		Debug|Any CPU = Debug|Any CPU
		Release|Any CPU = Release|Any CPU
	EndGlobalSection
	GlobalSection(ProjectConfigurationPlatforms) = postSolution
		{BE193736-78D6-4D25-AA8A-6520C8C172DB}.Debug|Any CPU.ActiveCfg = Debug|Any CPU
		{BE193736-78D6-4D25-AA8A-6520C8C172DB}.Debug|Any CPU.Build.0 = Debug|Any CPU
		{BE193736-78D6-4D25-AA8A-6520C8C172DB}.Release|Any CPU.ActiveCfg = Release|Any CPU
		{BE193736-78D6-4D25-AA8A-6520C8C172DB}.Release|Any CPU.Build.0 = Release|Any CPU
	EndGlobalSection
	GlobalSection(SolutionProperties) = preSolution
		HideSolutionNode = FALSE
	EndGlobalSection
	GlobalSection(ExtensibilityGlobals) = postSolution
		SolutionGuid = {020B0A7A-99E5-4CDB-8B44-8690C06801DC}
	EndGlobalSection
EndGlobal
