
Microsoft Visual Studio Solution File, Format Version 12.00
# Visual Studio Version 16
VisualStudioVersion = 16.0.30320.27
MinimumVisualStudioVersion = 10.0.40219.1
Project("{FAE04EC0-301F-11D3-BF4B-00C04F79EFBC}") = "TimeNeededToInformAllEmployees", "TimeNeededToInformAllEmployees\TimeNeededToInformAllEmployees.csproj", "{6FED6233-D5E2-4AAB-A7B9-F8C33CA3E1F1}"
EndProject
Global
	GlobalSection(SolutionConfigurationPlatforms) = preSolution
		Debug|Any CPU = Debug|Any CPU
		Release|Any CPU = Release|Any CPU
	EndGlobalSection
	GlobalSection(ProjectConfigurationPlatforms) = postSolution
		{6FED6233-D5E2-4AAB-A7B9-F8C33CA3E1F1}.Debug|Any CPU.ActiveCfg = Debug|Any CPU
		{6FED6233-D5E2-4AAB-A7B9-F8C33CA3E1F1}.Debug|Any CPU.Build.0 = Debug|Any CPU
		{6FED6233-D5E2-4AAB-A7B9-F8C33CA3E1F1}.Release|Any CPU.ActiveCfg = Release|Any CPU
		{6FED6233-D5E2-4AAB-A7B9-F8C33CA3E1F1}.Release|Any CPU.Build.0 = Release|Any CPU
	EndGlobalSection
	GlobalSection(SolutionProperties) = preSolution
		HideSolutionNode = FALSE
	EndGlobalSection
	GlobalSection(ExtensibilityGlobals) = postSolution
		SolutionGuid = {6C8ED032-3D03-47EE-8467-FCC776E8AE4C}
	EndGlobalSection
EndGlobal
