
Microsoft Visual Studio Solution File, Format Version 12.00
# Visual Studio Version 16
VisualStudioVersion = 16.0.29905.134
MinimumVisualStudioVersion = 10.0.40219.1
Project("{FAE04EC0-301F-11D3-BF4B-00C04F79EFBC}") = "LongestPalindromicSubstring", "LongestPalindromicSubstring\LongestPalindromicSubstring.csproj", "{50A5DA16-D27D-4D5E-965F-3272B9992124}"
EndProject
Global
	GlobalSection(SolutionConfigurationPlatforms) = preSolution
		Debug|Any CPU = Debug|Any CPU
		Release|Any CPU = Release|Any CPU
	EndGlobalSection
	GlobalSection(ProjectConfigurationPlatforms) = postSolution
		{50A5DA16-D27D-4D5E-965F-3272B9992124}.Debug|Any CPU.ActiveCfg = Debug|Any CPU
		{50A5DA16-D27D-4D5E-965F-3272B9992124}.Debug|Any CPU.Build.0 = Debug|Any CPU
		{50A5DA16-D27D-4D5E-965F-3272B9992124}.Release|Any CPU.ActiveCfg = Release|Any CPU
		{50A5DA16-D27D-4D5E-965F-3272B9992124}.Release|Any CPU.Build.0 = Release|Any CPU
	EndGlobalSection
	GlobalSection(SolutionProperties) = preSolution
		HideSolutionNode = FALSE
	EndGlobalSection
	GlobalSection(ExtensibilityGlobals) = postSolution
		SolutionGuid = {97AF8CE6-1933-4597-B5DA-777BF8C46C0A}
	EndGlobalSection
EndGlobal
