
Microsoft Visual Studio Solution File, Format Version 12.00
# Visual Studio Version 16
VisualStudioVersion = 16.0.30320.27
MinimumVisualStudioVersion = 10.0.40219.1
Project("{FAE04EC0-301F-11D3-BF4B-00C04F79EFBC}") = "StoneGameIV", "StoneGameIV\StoneGameIV.csproj", "{48C4983C-A9F9-4C28-B4DA-C7A3AF1C7D44}"
EndProject
Global
	GlobalSection(SolutionConfigurationPlatforms) = preSolution
		Debug|Any CPU = Debug|Any CPU
		Release|Any CPU = Release|Any CPU
	EndGlobalSection
	GlobalSection(ProjectConfigurationPlatforms) = postSolution
		{48C4983C-A9F9-4C28-B4DA-C7A3AF1C7D44}.Debug|Any CPU.ActiveCfg = Debug|Any CPU
		{48C4983C-A9F9-4C28-B4DA-C7A3AF1C7D44}.Debug|Any CPU.Build.0 = Debug|Any CPU
		{48C4983C-A9F9-4C28-B4DA-C7A3AF1C7D44}.Release|Any CPU.ActiveCfg = Release|Any CPU
		{48C4983C-A9F9-4C28-B4DA-C7A3AF1C7D44}.Release|Any CPU.Build.0 = Release|Any CPU
	EndGlobalSection
	GlobalSection(SolutionProperties) = preSolution
		HideSolutionNode = FALSE
	EndGlobalSection
	GlobalSection(ExtensibilityGlobals) = postSolution
		SolutionGuid = {C576BD18-77CB-42B2-A329-6812D7FA8CC7}
	EndGlobalSection
EndGlobal
