
Microsoft Visual Studio Solution File, Format Version 12.00
# Visual Studio Version 16
VisualStudioVersion = 16.0.30011.22
MinimumVisualStudioVersion = 10.0.40219.1
Project("{FAE04EC0-301F-11D3-BF4B-00C04F79EFBC}") = "InsertInterval", "InsertInterval\InsertInterval.csproj", "{F8AA3495-F3DB-463C-9207-516A9890F271}"
EndProject
Global
	GlobalSection(SolutionConfigurationPlatforms) = preSolution
		Debug|Any CPU = Debug|Any CPU
		Release|Any CPU = Release|Any CPU
	EndGlobalSection
	GlobalSection(ProjectConfigurationPlatforms) = postSolution
		{F8AA3495-F3DB-463C-9207-516A9890F271}.Debug|Any CPU.ActiveCfg = Debug|Any CPU
		{F8AA3495-F3DB-463C-9207-516A9890F271}.Debug|Any CPU.Build.0 = Debug|Any CPU
		{F8AA3495-F3DB-463C-9207-516A9890F271}.Release|Any CPU.ActiveCfg = Release|Any CPU
		{F8AA3495-F3DB-463C-9207-516A9890F271}.Release|Any CPU.Build.0 = Release|Any CPU
	EndGlobalSection
	GlobalSection(SolutionProperties) = preSolution
		HideSolutionNode = FALSE
	EndGlobalSection
	GlobalSection(ExtensibilityGlobals) = postSolution
		SolutionGuid = {D5906311-CB2A-4DB9-A64C-88C09CCA7442}
	EndGlobalSection
EndGlobal
