
Microsoft Visual Studio Solution File, Format Version 12.00
# Visual Studio Version 16
VisualStudioVersion = 16.0.29905.134
MinimumVisualStudioVersion = 10.0.40219.1
Project("{FAE04EC0-301F-11D3-BF4B-00C04F79EFBC}") = "ReverseInteger", "ReverseInteger\ReverseInteger.csproj", "{818276C5-CB1B-4CE9-A39B-22827211758B}"
EndProject
Global
	GlobalSection(SolutionConfigurationPlatforms) = preSolution
		Debug|Any CPU = Debug|Any CPU
		Release|Any CPU = Release|Any CPU
	EndGlobalSection
	GlobalSection(ProjectConfigurationPlatforms) = postSolution
		{818276C5-CB1B-4CE9-A39B-22827211758B}.Debug|Any CPU.ActiveCfg = Debug|Any CPU
		{818276C5-CB1B-4CE9-A39B-22827211758B}.Debug|Any CPU.Build.0 = Debug|Any CPU
		{818276C5-CB1B-4CE9-A39B-22827211758B}.Release|Any CPU.ActiveCfg = Release|Any CPU
		{818276C5-CB1B-4CE9-A39B-22827211758B}.Release|Any CPU.Build.0 = Release|Any CPU
	EndGlobalSection
	GlobalSection(SolutionProperties) = preSolution
		HideSolutionNode = FALSE
	EndGlobalSection
	GlobalSection(ExtensibilityGlobals) = postSolution
		SolutionGuid = {4E3BF704-49AF-485B-8523-CEE7E206A550}
	EndGlobalSection
EndGlobal
