
Microsoft Visual Studio Solution File, Format Version 12.00
# Visual Studio Version 16
VisualStudioVersion = 16.0.30002.166
MinimumVisualStudioVersion = 10.0.40219.1
Project("{FAE04EC0-301F-11D3-BF4B-00C04F79EFBC}") = "ValidParentheses", "ValidParentheses\ValidParentheses.csproj", "{8DAF0727-9BB5-42CD-AD73-997A37CD9D13}"
EndProject
Global
	GlobalSection(SolutionConfigurationPlatforms) = preSolution
		Debug|Any CPU = Debug|Any CPU
		Release|Any CPU = Release|Any CPU
	EndGlobalSection
	GlobalSection(ProjectConfigurationPlatforms) = postSolution
		{8DAF0727-9BB5-42CD-AD73-997A37CD9D13}.Debug|Any CPU.ActiveCfg = Debug|Any CPU
		{8DAF0727-9BB5-42CD-AD73-997A37CD9D13}.Debug|Any CPU.Build.0 = Debug|Any CPU
		{8DAF0727-9BB5-42CD-AD73-997A37CD9D13}.Release|Any CPU.ActiveCfg = Release|Any CPU
		{8DAF0727-9BB5-42CD-AD73-997A37CD9D13}.Release|Any CPU.Build.0 = Release|Any CPU
	EndGlobalSection
	GlobalSection(SolutionProperties) = preSolution
		HideSolutionNode = FALSE
	EndGlobalSection
	GlobalSection(ExtensibilityGlobals) = postSolution
		SolutionGuid = {ECB5CC80-CD32-44FA-8B55-0AE5A07B7930}
	EndGlobalSection
EndGlobal
