
Microsoft Visual Studio Solution File, Format Version 12.00
# Visual Studio Version 16
VisualStudioVersion = 16.0.30011.22
MinimumVisualStudioVersion = 10.0.40219.1
Project("{FAE04EC0-301F-11D3-BF4B-00C04F79EFBC}") = "MultiplyStrings", "MultiplyStrings\MultiplyStrings.csproj", "{9C4E1121-909C-4C4B-96B6-B2CCC82A328E}"
EndProject
Global
	GlobalSection(SolutionConfigurationPlatforms) = preSolution
		Debug|Any CPU = Debug|Any CPU
		Release|Any CPU = Release|Any CPU
	EndGlobalSection
	GlobalSection(ProjectConfigurationPlatforms) = postSolution
		{9C4E1121-909C-4C4B-96B6-B2CCC82A328E}.Debug|Any CPU.ActiveCfg = Debug|Any CPU
		{9C4E1121-909C-4C4B-96B6-B2CCC82A328E}.Debug|Any CPU.Build.0 = Debug|Any CPU
		{9C4E1121-909C-4C4B-96B6-B2CCC82A328E}.Release|Any CPU.ActiveCfg = Release|Any CPU
		{9C4E1121-909C-4C4B-96B6-B2CCC82A328E}.Release|Any CPU.Build.0 = Release|Any CPU
	EndGlobalSection
	GlobalSection(SolutionProperties) = preSolution
		HideSolutionNode = FALSE
	EndGlobalSection
	GlobalSection(ExtensibilityGlobals) = postSolution
		SolutionGuid = {48552117-D44E-4197-B4C1-225BAF980F47}
	EndGlobalSection
EndGlobal
