
Microsoft Visual Studio Solution File, Format Version 12.00
# Visual Studio Version 16
VisualStudioVersion = 16.0.30320.27
MinimumVisualStudioVersion = 10.0.40219.1
Project("{FAE04EC0-301F-11D3-BF4B-00C04F79EFBC}") = "MaximumDepthOfBinaryTree", "MaximumDepthOfBinaryTree\MaximumDepthOfBinaryTree.csproj", "{A6877340-BB5B-4F7A-822E-D23C429ABD75}"
EndProject
Global
	GlobalSection(SolutionConfigurationPlatforms) = preSolution
		Debug|Any CPU = Debug|Any CPU
		Release|Any CPU = Release|Any CPU
	EndGlobalSection
	GlobalSection(ProjectConfigurationPlatforms) = postSolution
		{A6877340-BB5B-4F7A-822E-D23C429ABD75}.Debug|Any CPU.ActiveCfg = Debug|Any CPU
		{A6877340-BB5B-4F7A-822E-D23C429ABD75}.Debug|Any CPU.Build.0 = Debug|Any CPU
		{A6877340-BB5B-4F7A-822E-D23C429ABD75}.Release|Any CPU.ActiveCfg = Release|Any CPU
		{A6877340-BB5B-4F7A-822E-D23C429ABD75}.Release|Any CPU.Build.0 = Release|Any CPU
	EndGlobalSection
	GlobalSection(SolutionProperties) = preSolution
		HideSolutionNode = FALSE
	EndGlobalSection
	GlobalSection(ExtensibilityGlobals) = postSolution
		SolutionGuid = {2D0220D6-8A45-40B7-ABA9-E0D7693B062B}
	EndGlobalSection
EndGlobal
