
Microsoft Visual Studio Solution File, Format Version 12.00
# Visual Studio Version 16
VisualStudioVersion = 16.0.30104.148
MinimumVisualStudioVersion = 10.0.40219.1
Project("{FAE04EC0-301F-11D3-BF4B-00C04F79EFBC}") = "SimplifyPath", "SimplifyPath\SimplifyPath.csproj", "{8969D489-91B2-47C4-924C-D2DA0F2F160D}"
EndProject
Global
	GlobalSection(SolutionConfigurationPlatforms) = preSolution
		Debug|Any CPU = Debug|Any CPU
		Release|Any CPU = Release|Any CPU
	EndGlobalSection
	GlobalSection(ProjectConfigurationPlatforms) = postSolution
		{8969D489-91B2-47C4-924C-D2DA0F2F160D}.Debug|Any CPU.ActiveCfg = Debug|Any CPU
		{8969D489-91B2-47C4-924C-D2DA0F2F160D}.Debug|Any CPU.Build.0 = Debug|Any CPU
		{8969D489-91B2-47C4-924C-D2DA0F2F160D}.Release|Any CPU.ActiveCfg = Release|Any CPU
		{8969D489-91B2-47C4-924C-D2DA0F2F160D}.Release|Any CPU.Build.0 = Release|Any CPU
	EndGlobalSection
	GlobalSection(SolutionProperties) = preSolution
		HideSolutionNode = FALSE
	EndGlobalSection
	GlobalSection(ExtensibilityGlobals) = postSolution
		SolutionGuid = {9FDBB391-CD51-4620-94D2-0C4BE70D9AC6}
	EndGlobalSection
EndGlobal
