
Microsoft Visual Studio Solution File, Format Version 12.00
# Visual Studio Version 16
VisualStudioVersion = 16.0.30011.22
MinimumVisualStudioVersion = 10.0.40219.1
Project("{FAE04EC0-301F-11D3-BF4B-00C04F79EFBC}") = "LengthOfLastWord", "LengthOfLastWord\LengthOfLastWord.csproj", "{7A469AD6-A024-4D25-BFED-AE833FBDE9A1}"
EndProject
Global
	GlobalSection(SolutionConfigurationPlatforms) = preSolution
		Debug|Any CPU = Debug|Any CPU
		Release|Any CPU = Release|Any CPU
	EndGlobalSection
	GlobalSection(ProjectConfigurationPlatforms) = postSolution
		{7A469AD6-A024-4D25-BFED-AE833FBDE9A1}.Debug|Any CPU.ActiveCfg = Debug|Any CPU
		{7A469AD6-A024-4D25-BFED-AE833FBDE9A1}.Debug|Any CPU.Build.0 = Debug|Any CPU
		{7A469AD6-A024-4D25-BFED-AE833FBDE9A1}.Release|Any CPU.ActiveCfg = Release|Any CPU
		{7A469AD6-A024-4D25-BFED-AE833FBDE9A1}.Release|Any CPU.Build.0 = Release|Any CPU
	EndGlobalSection
	GlobalSection(SolutionProperties) = preSolution
		HideSolutionNode = FALSE
	EndGlobalSection
	GlobalSection(ExtensibilityGlobals) = postSolution
		SolutionGuid = {E14682D2-6E87-4D29-A5C4-6858E5C78C7F}
	EndGlobalSection
EndGlobal
