
Microsoft Visual Studio Solution File, Format Version 12.00
# Visual Studio Version 16
VisualStudioVersion = 16.0.30320.27
MinimumVisualStudioVersion = 10.0.40219.1
Project("{FAE04EC0-301F-11D3-BF4B-00C04F79EFBC}") = "LongestIncreasingSubsequence", "LongestIncreasingSubsequence\LongestIncreasingSubsequence.csproj", "{8CABA42F-31F0-4922-A730-E02D824A4B3B}"
EndProject
Global
	GlobalSection(SolutionConfigurationPlatforms) = preSolution
		Debug|Any CPU = Debug|Any CPU
		Release|Any CPU = Release|Any CPU
	EndGlobalSection
	GlobalSection(ProjectConfigurationPlatforms) = postSolution
		{8CABA42F-31F0-4922-A730-E02D824A4B3B}.Debug|Any CPU.ActiveCfg = Debug|Any CPU
		{8CABA42F-31F0-4922-A730-E02D824A4B3B}.Debug|Any CPU.Build.0 = Debug|Any CPU
		{8CABA42F-31F0-4922-A730-E02D824A4B3B}.Release|Any CPU.ActiveCfg = Release|Any CPU
		{8CABA42F-31F0-4922-A730-E02D824A4B3B}.Release|Any CPU.Build.0 = Release|Any CPU
	EndGlobalSection
	GlobalSection(SolutionProperties) = preSolution
		HideSolutionNode = FALSE
	EndGlobalSection
	GlobalSection(ExtensibilityGlobals) = postSolution
		SolutionGuid = {0A737717-DA21-45C9-B758-6CD37DB264C0}
	EndGlobalSection
EndGlobal
