
Microsoft Visual Studio Solution File, Format Version 12.00
# Visual Studio Version 16
VisualStudioVersion = 16.0.30320.27
MinimumVisualStudioVersion = 10.0.40219.1
Project("{FAE04EC0-301F-11D3-BF4B-00C04F79EFBC}") = "MaxDotProductOfTwoSubsequences", "MaxDotProductOfTwoSubsequences\MaxDotProductOfTwoSubsequences.csproj", "{624DA141-747B-4488-A542-C2E65A0891BD}"
EndProject
Global
	GlobalSection(SolutionConfigurationPlatforms) = preSolution
		Debug|Any CPU = Debug|Any CPU
		Release|Any CPU = Release|Any CPU
	EndGlobalSection
	GlobalSection(ProjectConfigurationPlatforms) = postSolution
		{624DA141-747B-4488-A542-C2E65A0891BD}.Debug|Any CPU.ActiveCfg = Debug|Any CPU
		{624DA141-747B-4488-A542-C2E65A0891BD}.Debug|Any CPU.Build.0 = Debug|Any CPU
		{624DA141-747B-4488-A542-C2E65A0891BD}.Release|Any CPU.ActiveCfg = Release|Any CPU
		{624DA141-747B-4488-A542-C2E65A0891BD}.Release|Any CPU.Build.0 = Release|Any CPU
	EndGlobalSection
	GlobalSection(SolutionProperties) = preSolution
		HideSolutionNode = FALSE
	EndGlobalSection
	GlobalSection(ExtensibilityGlobals) = postSolution
		SolutionGuid = {F8B4ADFA-1E33-438A-9DE2-B6145B46AEBC}
	EndGlobalSection
EndGlobal
