
Microsoft Visual Studio Solution File, Format Version 12.00
# Visual Studio Version 16
VisualStudioVersion = 16.0.30320.27
MinimumVisualStudioVersion = 10.0.40219.1
Project("{FAE04EC0-301F-11D3-BF4B-00C04F79EFBC}") = "ProductOfArrayExceptSelf", "ProductOfArrayExceptSelf\ProductOfArrayExceptSelf.csproj", "{36639C53-12A8-4C2F-A445-2FE9AAAD3C74}"
EndProject
Global
	GlobalSection(SolutionConfigurationPlatforms) = preSolution
		Debug|Any CPU = Debug|Any CPU
		Release|Any CPU = Release|Any CPU
	EndGlobalSection
	GlobalSection(ProjectConfigurationPlatforms) = postSolution
		{36639C53-12A8-4C2F-A445-2FE9AAAD3C74}.Debug|Any CPU.ActiveCfg = Debug|Any CPU
		{36639C53-12A8-4C2F-A445-2FE9AAAD3C74}.Debug|Any CPU.Build.0 = Debug|Any CPU
		{36639C53-12A8-4C2F-A445-2FE9AAAD3C74}.Release|Any CPU.ActiveCfg = Release|Any CPU
		{36639C53-12A8-4C2F-A445-2FE9AAAD3C74}.Release|Any CPU.Build.0 = Release|Any CPU
	EndGlobalSection
	GlobalSection(SolutionProperties) = preSolution
		HideSolutionNode = FALSE
	EndGlobalSection
	GlobalSection(ExtensibilityGlobals) = postSolution
		SolutionGuid = {1085A7B0-FD5D-4DEF-BA9E-2857592A27BA}
	EndGlobalSection
EndGlobal
