
Microsoft Visual Studio Solution File, Format Version 12.00
# Visual Studio Version 16
VisualStudioVersion = 16.0.30503.244
MinimumVisualStudioVersion = 10.0.40219.1
Project("{FAE04EC0-301F-11D3-BF4B-00C04F79EFBC}") = "BusRoutes", "BusRoutes\BusRoutes.csproj", "{9BB5FDED-0007-4290-996E-70DB0EE9821E}"
EndProject
Global
	GlobalSection(SolutionConfigurationPlatforms) = preSolution
		Debug|Any CPU = Debug|Any CPU
		Release|Any CPU = Release|Any CPU
	EndGlobalSection
	GlobalSection(ProjectConfigurationPlatforms) = postSolution
		{9BB5FDED-0007-4290-996E-70DB0EE9821E}.Debug|Any CPU.ActiveCfg = Debug|Any CPU
		{9BB5FDED-0007-4290-996E-70DB0EE9821E}.Debug|Any CPU.Build.0 = Debug|Any CPU
		{9BB5FDED-0007-4290-996E-70DB0EE9821E}.Release|Any CPU.ActiveCfg = Release|Any CPU
		{9BB5FDED-0007-4290-996E-70DB0EE9821E}.Release|Any CPU.Build.0 = Release|Any CPU
	EndGlobalSection
	GlobalSection(SolutionProperties) = preSolution
		HideSolutionNode = FALSE
	EndGlobalSection
	GlobalSection(ExtensibilityGlobals) = postSolution
		SolutionGuid = {77532272-CB37-4E39-A1BA-220C04459486}
	EndGlobalSection
EndGlobal
