
Microsoft Visual Studio Solution File, Format Version 12.00
# Visual Studio Version 16
VisualStudioVersion = 16.0.29905.134
MinimumVisualStudioVersion = 10.0.40219.1
Project("{FAE04EC0-301F-11D3-BF4B-00C04F79EFBC}") = "StringToInteger", "StringToInteger\StringToInteger.csproj", "{AE374BD8-1E2D-46C9-9B09-A09930228060}"
EndProject
Global
	GlobalSection(SolutionConfigurationPlatforms) = preSolution
		Debug|Any CPU = Debug|Any CPU
		Release|Any CPU = Release|Any CPU
	EndGlobalSection
	GlobalSection(ProjectConfigurationPlatforms) = postSolution
		{AE374BD8-1E2D-46C9-9B09-A09930228060}.Debug|Any CPU.ActiveCfg = Debug|Any CPU
		{AE374BD8-1E2D-46C9-9B09-A09930228060}.Debug|Any CPU.Build.0 = Debug|Any CPU
		{AE374BD8-1E2D-46C9-9B09-A09930228060}.Release|Any CPU.ActiveCfg = Release|Any CPU
		{AE374BD8-1E2D-46C9-9B09-A09930228060}.Release|Any CPU.Build.0 = Release|Any CPU
	EndGlobalSection
	GlobalSection(SolutionProperties) = preSolution
		HideSolutionNode = FALSE
	EndGlobalSection
	GlobalSection(ExtensibilityGlobals) = postSolution
		SolutionGuid = {9558B6DF-9E9F-45F3-8640-6145ADD3394E}
	EndGlobalSection
EndGlobal
