
Microsoft Visual Studio Solution File, Format Version 12.00
# Visual Studio Version 16
VisualStudioVersion = 16.0.30320.27
MinimumVisualStudioVersion = 10.0.40219.1
Project("{FAE04EC0-301F-11D3-BF4B-00C04F79EFBC}") = "PushDominoes", "PushDominoes\PushDominoes.csproj", "{EBD08978-9C09-46FF-A928-E4D41DE0E28C}"
EndProject
Global
	GlobalSection(SolutionConfigurationPlatforms) = preSolution
		Debug|Any CPU = Debug|Any CPU
		Release|Any CPU = Release|Any CPU
	EndGlobalSection
	GlobalSection(ProjectConfigurationPlatforms) = postSolution
		{EBD08978-9C09-46FF-A928-E4D41DE0E28C}.Debug|Any CPU.ActiveCfg = Debug|Any CPU
		{EBD08978-9C09-46FF-A928-E4D41DE0E28C}.Debug|Any CPU.Build.0 = Debug|Any CPU
		{EBD08978-9C09-46FF-A928-E4D41DE0E28C}.Release|Any CPU.ActiveCfg = Release|Any CPU
		{EBD08978-9C09-46FF-A928-E4D41DE0E28C}.Release|Any CPU.Build.0 = Release|Any CPU
	EndGlobalSection
	GlobalSection(SolutionProperties) = preSolution
		HideSolutionNode = FALSE
	EndGlobalSection
	GlobalSection(ExtensibilityGlobals) = postSolution
		SolutionGuid = {2776C437-40E0-4AAE-84FA-F789DF0A38E2}
	EndGlobalSection
EndGlobal
