
Microsoft Visual Studio Solution File, Format Version 12.00
# Visual Studio Version 16
VisualStudioVersion = 16.0.30330.147
MinimumVisualStudioVersion = 10.0.40219.1
Project("{FAE04EC0-301F-11D3-BF4B-00C04F79EFBC}") = "CourseScheduleIII", "CourseScheduleIII\CourseScheduleIII.csproj", "{32F3FECF-503A-40BC-871F-EA88C5C44603}"
EndProject
Global
	GlobalSection(SolutionConfigurationPlatforms) = preSolution
		Debug|Any CPU = Debug|Any CPU
		Release|Any CPU = Release|Any CPU
	EndGlobalSection
	GlobalSection(ProjectConfigurationPlatforms) = postSolution
		{32F3FECF-503A-40BC-871F-EA88C5C44603}.Debug|Any CPU.ActiveCfg = Debug|Any CPU
		{32F3FECF-503A-40BC-871F-EA88C5C44603}.Debug|Any CPU.Build.0 = Debug|Any CPU
		{32F3FECF-503A-40BC-871F-EA88C5C44603}.Release|Any CPU.ActiveCfg = Release|Any CPU
		{32F3FECF-503A-40BC-871F-EA88C5C44603}.Release|Any CPU.Build.0 = Release|Any CPU
	EndGlobalSection
	GlobalSection(SolutionProperties) = preSolution
		HideSolutionNode = FALSE
	EndGlobalSection
	GlobalSection(ExtensibilityGlobals) = postSolution
		SolutionGuid = {DA77607F-C311-4DB9-996D-5A687F1CC450}
	EndGlobalSection
EndGlobal
