
Microsoft Visual Studio Solution File, Format Version 12.00
# Visual Studio Version 16
VisualStudioVersion = 16.0.30309.148
MinimumVisualStudioVersion = 10.0.40219.1
Project("{FAE04EC0-301F-11D3-BF4B-00C04F79EFBC}") = "UniqueBinarySearchTreesII", "UniqueBinarySearchTreesII\UniqueBinarySearchTreesII.csproj", "{7DE424F4-51EF-4289-9F28-B2DDBB225918}"
EndProject
Global
	GlobalSection(SolutionConfigurationPlatforms) = preSolution
		Debug|Any CPU = Debug|Any CPU
		Release|Any CPU = Release|Any CPU
	EndGlobalSection
	GlobalSection(ProjectConfigurationPlatforms) = postSolution
		{7DE424F4-51EF-4289-9F28-B2DDBB225918}.Debug|Any CPU.ActiveCfg = Debug|Any CPU
		{7DE424F4-51EF-4289-9F28-B2DDBB225918}.Debug|Any CPU.Build.0 = Debug|Any CPU
		{7DE424F4-51EF-4289-9F28-B2DDBB225918}.Release|Any CPU.ActiveCfg = Release|Any CPU
		{7DE424F4-51EF-4289-9F28-B2DDBB225918}.Release|Any CPU.Build.0 = Release|Any CPU
	EndGlobalSection
	GlobalSection(SolutionProperties) = preSolution
		HideSolutionNode = FALSE
	EndGlobalSection
	GlobalSection(ExtensibilityGlobals) = postSolution
		SolutionGuid = {F72D24DA-6FEA-46D2-803C-2C79D7A38FF9}
	EndGlobalSection
EndGlobal
