
Microsoft Visual Studio Solution File, Format Version 12.00
# Visual Studio Version 16
VisualStudioVersion = 16.0.29905.134
MinimumVisualStudioVersion = 10.0.40219.1
Project("{FAE04EC0-301F-11D3-BF4B-00C04F79EFBC}") = "PalindromeNumber", "PalindromeNumber\PalindromeNumber.csproj", "{ACD632FE-85A0-477C-8F0D-22DD81D6A989}"
EndProject
Global
	GlobalSection(SolutionConfigurationPlatforms) = preSolution
		Debug|Any CPU = Debug|Any CPU
		Release|Any CPU = Release|Any CPU
	EndGlobalSection
	GlobalSection(ProjectConfigurationPlatforms) = postSolution
		{ACD632FE-85A0-477C-8F0D-22DD81D6A989}.Debug|Any CPU.ActiveCfg = Debug|Any CPU
		{ACD632FE-85A0-477C-8F0D-22DD81D6A989}.Debug|Any CPU.Build.0 = Debug|Any CPU
		{ACD632FE-85A0-477C-8F0D-22DD81D6A989}.Release|Any CPU.ActiveCfg = Release|Any CPU
		{ACD632FE-85A0-477C-8F0D-22DD81D6A989}.Release|Any CPU.Build.0 = Release|Any CPU
	EndGlobalSection
	GlobalSection(SolutionProperties) = preSolution
		HideSolutionNode = FALSE
	EndGlobalSection
	GlobalSection(ExtensibilityGlobals) = postSolution
		SolutionGuid = {4F1F7ECB-3D8B-4C10-A3EF-CAB8055A2AC8}
	EndGlobalSection
EndGlobal
