
Microsoft Visual Studio Solution File, Format Version 12.00
# Visual Studio Version 16
VisualStudioVersion = 16.0.30413.136
MinimumVisualStudioVersion = 10.0.40219.1
Project("{FAE04EC0-301F-11D3-BF4B-00C04F79EFBC}") = "HouseRobber", "HouseRobber\HouseRobber.csproj", "{23DF97C4-9C21-43F2-A248-B569D109B76A}"
EndProject
Global
	GlobalSection(SolutionConfigurationPlatforms) = preSolution
		Debug|Any CPU = Debug|Any CPU
		Release|Any CPU = Release|Any CPU
	EndGlobalSection
	GlobalSection(ProjectConfigurationPlatforms) = postSolution
		{23DF97C4-9C21-43F2-A248-B569D109B76A}.Debug|Any CPU.ActiveCfg = Debug|Any CPU
		{23DF97C4-9C21-43F2-A248-B569D109B76A}.Debug|Any CPU.Build.0 = Debug|Any CPU
		{23DF97C4-9C21-43F2-A248-B569D109B76A}.Release|Any CPU.ActiveCfg = Release|Any CPU
		{23DF97C4-9C21-43F2-A248-B569D109B76A}.Release|Any CPU.Build.0 = Release|Any CPU
	EndGlobalSection
	GlobalSection(SolutionProperties) = preSolution
		HideSolutionNode = FALSE
	EndGlobalSection
	GlobalSection(ExtensibilityGlobals) = postSolution
		SolutionGuid = {3A8A744F-180D-4A63-A582-61D24220BF7B}
	EndGlobalSection
EndGlobal
