
Microsoft Visual Studio Solution File, Format Version 12.00
# Visual Studio Version 16
VisualStudioVersion = 16.0.30002.166
MinimumVisualStudioVersion = 10.0.40219.1
Project("{FAE04EC0-301F-11D3-BF4B-00C04F79EFBC}") = "SwapNodesInPairs", "SwapNodesInPairs\SwapNodesInPairs.csproj", "{0C46CD17-0B46-40B7-A6C9-D7B4A2FD9509}"
EndProject
Global
	GlobalSection(SolutionConfigurationPlatforms) = preSolution
		Debug|Any CPU = Debug|Any CPU
		Release|Any CPU = Release|Any CPU
	EndGlobalSection
	GlobalSection(ProjectConfigurationPlatforms) = postSolution
		{0C46CD17-0B46-40B7-A6C9-D7B4A2FD9509}.Debug|Any CPU.ActiveCfg = Debug|Any CPU
		{0C46CD17-0B46-40B7-A6C9-D7B4A2FD9509}.Debug|Any CPU.Build.0 = Debug|Any CPU
		{0C46CD17-0B46-40B7-A6C9-D7B4A2FD9509}.Release|Any CPU.ActiveCfg = Release|Any CPU
		{0C46CD17-0B46-40B7-A6C9-D7B4A2FD9509}.Release|Any CPU.Build.0 = Release|Any CPU
	EndGlobalSection
	GlobalSection(SolutionProperties) = preSolution
		HideSolutionNode = FALSE
	EndGlobalSection
	GlobalSection(ExtensibilityGlobals) = postSolution
		SolutionGuid = {277A0F97-CE91-4F49-A68E-3F0A4BD4DB94}
	EndGlobalSection
EndGlobal
