
Microsoft Visual Studio Solution File, Format Version 12.00
# Visual Studio Version 16
VisualStudioVersion = 16.0.30517.126
MinimumVisualStudioVersion = 10.0.40219.1
Project("{FAE04EC0-301F-11D3-BF4B-00C04F79EFBC}") = "CnstrctBiTreeInOrderPost", "CnstrctBiTreeInOrderPost\CnstrctBiTreeInOrderPost.csproj", "{23753356-E739-40B5-A085-C45A0E79E8F1}"
EndProject
Global
	GlobalSection(SolutionConfigurationPlatforms) = preSolution
		Debug|Any CPU = Debug|Any CPU
		Release|Any CPU = Release|Any CPU
	EndGlobalSection
	GlobalSection(ProjectConfigurationPlatforms) = postSolution
		{23753356-E739-40B5-A085-C45A0E79E8F1}.Debug|Any CPU.ActiveCfg = Debug|Any CPU
		{23753356-E739-40B5-A085-C45A0E79E8F1}.Debug|Any CPU.Build.0 = Debug|Any CPU
		{23753356-E739-40B5-A085-C45A0E79E8F1}.Release|Any CPU.ActiveCfg = Release|Any CPU
		{23753356-E739-40B5-A085-C45A0E79E8F1}.Release|Any CPU.Build.0 = Release|Any CPU
	EndGlobalSection
	GlobalSection(SolutionProperties) = preSolution
		HideSolutionNode = FALSE
	EndGlobalSection
	GlobalSection(ExtensibilityGlobals) = postSolution
		SolutionGuid = {E8CC365C-FFA4-4F3E-9682-B5A32E69EBE5}
	EndGlobalSection
EndGlobal
