
Microsoft Visual Studio Solution File, Format Version 12.00
# Visual Studio Version 16
VisualStudioVersion = 16.0.30011.22
MinimumVisualStudioVersion = 10.0.40219.1
Project("{FAE04EC0-301F-11D3-BF4B-00C04F79EFBC}") = "JumpGame", "JumpGame\JumpGame.csproj", "{786C3778-EE94-41E3-B478-19D6253245AA}"
EndProject
Global
	GlobalSection(SolutionConfigurationPlatforms) = preSolution
		Debug|Any CPU = Debug|Any CPU
		Release|Any CPU = Release|Any CPU
	EndGlobalSection
	GlobalSection(ProjectConfigurationPlatforms) = postSolution
		{786C3778-EE94-41E3-B478-19D6253245AA}.Debug|Any CPU.ActiveCfg = Debug|Any CPU
		{786C3778-EE94-41E3-B478-19D6253245AA}.Debug|Any CPU.Build.0 = Debug|Any CPU
		{786C3778-EE94-41E3-B478-19D6253245AA}.Release|Any CPU.ActiveCfg = Release|Any CPU
		{786C3778-EE94-41E3-B478-19D6253245AA}.Release|Any CPU.Build.0 = Release|Any CPU
	EndGlobalSection
	GlobalSection(SolutionProperties) = preSolution
		HideSolutionNode = FALSE
	EndGlobalSection
	GlobalSection(ExtensibilityGlobals) = postSolution
		SolutionGuid = {C90DA219-C02B-40C1-9C70-A7AF198154D2}
	EndGlobalSection
EndGlobal
