
Microsoft Visual Studio Solution File, Format Version 12.00
# Visual Studio Version 16
VisualStudioVersion = 16.0.30330.147
MinimumVisualStudioVersion = 10.0.40219.1
Project("{FAE04EC0-301F-11D3-BF4B-00C04F79EFBC}") = "CourseSchedule", "CourseSchedule\CourseSchedule.csproj", "{1AB07AA9-3B3F-42C3-94EB-247CC282DF75}"
EndProject
Global
	GlobalSection(SolutionConfigurationPlatforms) = preSolution
		Debug|Any CPU = Debug|Any CPU
		Release|Any CPU = Release|Any CPU
	EndGlobalSection
	GlobalSection(ProjectConfigurationPlatforms) = postSolution
		{1AB07AA9-3B3F-42C3-94EB-247CC282DF75}.Debug|Any CPU.ActiveCfg = Debug|Any CPU
		{1AB07AA9-3B3F-42C3-94EB-247CC282DF75}.Debug|Any CPU.Build.0 = Debug|Any CPU
		{1AB07AA9-3B3F-42C3-94EB-247CC282DF75}.Release|Any CPU.ActiveCfg = Release|Any CPU
		{1AB07AA9-3B3F-42C3-94EB-247CC282DF75}.Release|Any CPU.Build.0 = Release|Any CPU
	EndGlobalSection
	GlobalSection(SolutionProperties) = preSolution
		HideSolutionNode = FALSE
	EndGlobalSection
	GlobalSection(ExtensibilityGlobals) = postSolution
		SolutionGuid = {CF61AA3B-73A1-4577-ADB2-12300CA661A7}
	EndGlobalSection
EndGlobal
